// !$*UTF8*$!
{
	archiveVersion = 1;
	classes = {
	};
	objectVersion = 54;
	objects = {

/* Begin PBXBuildFile section */
		431160AA27E325C100700444 /* AppDelegate.swift in Sources */ = {isa = PBXBuildFile; fileRef = 431160A927E325C100700444 /* AppDelegate.swift */; };
		431160AC27E325C100700444 /* SceneDelegate.swift in Sources */ = {isa = PBXBuildFile; fileRef = 431160AB27E325C100700444 /* SceneDelegate.swift */; };
		431160AE27E325C100700444 /* SingInViewController.swift in Sources */ = {isa = PBXBuildFile; fileRef = 431160AD27E325C100700444 /* SingInViewController.swift */; };
		431160B127E325C100700444 /* Main.storyboard in Resources */ = {isa = PBXBuildFile; fileRef = 431160AF27E325C100700444 /* Main.storyboard */; };
		431160B327E325C600700444 /* Assets.xcassets in Resources */ = {isa = PBXBuildFile; fileRef = 431160B227E325C600700444 /* Assets.xcassets */; };
		431160B627E325C600700444 /* LaunchScreen.storyboard in Resources */ = {isa = PBXBuildFile; fileRef = 431160B427E325C600700444 /* LaunchScreen.storyboard */; };
		431160CE27E3270C00700444 /* Alegreya-ExtraBoldItalic.ttf in Resources */ = {isa = PBXBuildFile; fileRef = 431160C427E3270C00700444 /* Alegreya-ExtraBoldItalic.ttf */; };
		431160CF27E3270C00700444 /* Alegreya-Bold.ttf in Resources */ = {isa = PBXBuildFile; fileRef = 431160C527E3270C00700444 /* Alegreya-Bold.ttf */; };
		431160D027E3270C00700444 /* Alegreya-BoldItalic.ttf in Resources */ = {isa = PBXBuildFile; fileRef = 431160C627E3270C00700444 /* Alegreya-BoldItalic.ttf */; };
		431160D127E3270C00700444 /* Alegreya-ExtraBold.ttf in Resources */ = {isa = PBXBuildFile; fileRef = 431160C727E3270C00700444 /* Alegreya-ExtraBold.ttf */; };
		431160D227E3270C00700444 /* Alegreya-Black.ttf in Resources */ = {isa = PBXBuildFile; fileRef = 431160C827E3270C00700444 /* Alegreya-Black.ttf */; };
		431160D327E3270C00700444 /* Alegreya-Italic.ttf in Resources */ = {isa = PBXBuildFile; fileRef = 431160C927E3270C00700444 /* Alegreya-Italic.ttf */; };
		431160D427E3270C00700444 /* Alegreya-MediumItalic.ttf in Resources */ = {isa = PBXBuildFile; fileRef = 431160CA27E3270C00700444 /* Alegreya-MediumItalic.ttf */; };
		431160D527E3270C00700444 /* Alegreya-BlackItalic.ttf in Resources */ = {isa = PBXBuildFile; fileRef = 431160CB27E3270C00700444 /* Alegreya-BlackItalic.ttf */; };
		431160D627E3270C00700444 /* Alegreya-Medium.ttf in Resources */ = {isa = PBXBuildFile; fileRef = 431160CC27E3270C00700444 /* Alegreya-Medium.ttf */; };
		431160D727E3270C00700444 /* Alegreya-Regular.ttf in Resources */ = {isa = PBXBuildFile; fileRef = 431160CD27E3270C00700444 /* Alegreya-Regular.ttf */; };
		436C505A27E45AFE00433B90 /* MainViewController.swift in Sources */ = {isa = PBXBuildFile; fileRef = 436C505927E45AFE00433B90 /* MainViewController.swift */; };
/* End PBXBuildFile section */

/* Begin PBXFileReference section */
		431160A627E325C100700444 /* Meditation.app */ = {isa = PBXFileReference; explicitFileType = wrapper.application; includeInIndex = 0; path = Meditation.app; sourceTree = BUILT_PRODUCTS_DIR; };
		431160A927E325C100700444 /* AppDelegate.swift */ = {isa = PBXFileReference; lastKnownFileType = sourcecode.swift; path = AppDelegate.swift; sourceTree = "<group>"; };
		431160AB27E325C100700444 /* SceneDelegate.swift */ = {isa = PBXFileReference; lastKnownFileType = sourcecode.swift; path = SceneDelegate.swift; sourceTree = "<group>"; };
		431160AD27E325C100700444 /* SingInViewController.swift */ = {isa = PBXFileReference; lastKnownFileType = sourcecode.swift; path = SingInViewController.swift; sourceTree = "<group>"; };
		431160B027E325C100700444 /* Base */ = {isa = PBXFileReference; lastKnownFileType = file.storyboard; name = Base; path = Base.lproj/Main.storyboard; sourceTree = "<group>"; };
		431160B227E325C600700444 /* Assets.xcassets */ = {isa = PBXFileReference; lastKnownFileType = folder.assetcatalog; path = Assets.xcassets; sourceTree = "<group>"; };
		431160B527E325C600700444 /* Base */ = {isa = PBXFileReference; lastKnownFileType = file.storyboard; name = Base; path = Base.lproj/LaunchScreen.storyboard; sourceTree = "<group>"; };
		431160B727E325C600700444 /* Info.plist */ = {isa = PBXFileReference; lastKnownFileType = text.plist.xml; path = Info.plist; sourceTree = "<group>"; };
		431160C427E3270C00700444 /* Alegreya-ExtraBoldItalic.ttf */ = {isa = PBXFileReference; lastKnownFileType = file; path = "Alegreya-ExtraBoldItalic.ttf"; sourceTree = "<group>"; };
		431160C527E3270C00700444 /* Alegreya-Bold.ttf */ = {isa = PBXFileReference; lastKnownFileType = file; path = "Alegreya-Bold.ttf"; sourceTree = "<group>"; };
		431160C627E3270C00700444 /* Alegreya-BoldItalic.ttf */ = {isa = PBXFileReference; lastKnownFileType = file; path = "Alegreya-BoldItalic.ttf"; sourceTree = "<group>"; };
		431160C727E3270C00700444 /* Alegreya-ExtraBold.ttf */ = {isa = PBXFileReference; lastKnownFileType = file; path = "Alegreya-ExtraBold.ttf"; sourceTree = "<group>"; };
		431160C827E3270C00700444 /* Alegreya-Black.ttf */ = {isa = PBXFileReference; lastKnownFileType = file; path = "Alegreya-Black.ttf"; sourceTree = "<group>"; };
		431160C927E3270C00700444 /* Alegreya-Italic.ttf */ = {isa = PBXFileReference; lastKnownFileType = file; path = "Alegreya-Italic.ttf"; sourceTree = "<group>"; };
		431160CA27E3270C00700444 /* Alegreya-MediumItalic.ttf */ = {isa = PBXFileReference; lastKnownFileType = file; path = "Alegreya-MediumItalic.ttf"; sourceTree = "<group>"; };
		431160CB27E3270C00700444 /* Alegreya-BlackItalic.ttf */ = {isa = PBXFileReference; lastKnownFileType = file; path = "Alegreya-BlackItalic.ttf"; sourceTree = "<group>"; };
		431160CC27E3270C00700444 /* Alegreya-Medium.ttf */ = {isa = PBXFileReference; lastKnownFileType = file; path = "Alegreya-Medium.ttf"; sourceTree = "<group>"; };
		431160CD27E3270C00700444 /* Alegreya-Regular.ttf */ = {isa = PBXFileReference; lastKnownFileType = file; path = "Alegreya-Regular.ttf"; sourceTree = "<group>"; };
		436C505927E45AFE00433B90 /* MainViewController.swift */ = {isa = PBXFileReference; lastKnownFileType = sourcecode.swift; path = MainViewController.swift; sourceTree = "<group>"; };
/* End PBXFileReference section */

/* Begin PBXFrameworksBuildPhase section */
		431160A327E325C100700444 /* Frameworks */ = {
			isa = PBXFrameworksBuildPhase;
			buildActionMask = 2147483647;
			files = (
			);
			runOnlyForDeploymentPostprocessing = 0;
		};
/* End PBXFrameworksBuildPhase section */

/* Begin PBXGroup section */
		4311609D27E325C100700444 = {
			isa = PBXGroup;
			children = (
				431160A827E325C100700444 /* Meditation */,
				431160A727E325C100700444 /* Products */,
			);
			sourceTree = "<group>";
		};
		431160A727E325C100700444 /* Products */ = {
			isa = PBXGroup;
			children = (
				431160A627E325C100700444 /* Meditation.app */,
			);
			name = Products;
			sourceTree = "<group>";
		};
		431160A827E325C100700444 /* Meditation */ = {
			isa = PBXGroup;
			children = (
				431160C327E326EF00700444 /* Fonts */,
				431160A927E325C100700444 /* AppDelegate.swift */,
				431160AB27E325C100700444 /* SceneDelegate.swift */,
				431160AD27E325C100700444 /* SingInViewController.swift */,
				436C505927E45AFE00433B90 /* MainViewController.swift */,
				431160AF27E325C100700444 /* Main.storyboard */,
				431160B227E325C600700444 /* Assets.xcassets */,
				431160B427E325C600700444 /* LaunchScreen.storyboard */,
				431160B727E325C600700444 /* Info.plist */,
			);
			path = Meditation;
			sourceTree = "<group>";
		};
		431160C327E326EF00700444 /* Fonts */ = {
			isa = PBXGroup;
			children = (
				431160C827E3270C00700444 /* Alegreya-Black.ttf */,
				431160CB27E3270C00700444 /* Alegreya-BlackItalic.ttf */,
				431160C527E3270C00700444 /* Alegreya-Bold.ttf */,
				431160C627E3270C00700444 /* Alegreya-BoldItalic.ttf */,
				431160C727E3270C00700444 /* Alegreya-ExtraBold.ttf */,
				431160C427E3270C00700444 /* Alegreya-ExtraBoldItalic.ttf */,
				431160C927E3270C00700444 /* Alegreya-Italic.ttf */,
				431160CC27E3270C00700444 /* Alegreya-Medium.ttf */,
				431160CA27E3270C00700444 /* Alegreya-MediumItalic.ttf */,
				431160CD27E3270C00700444 /* Alegreya-Regular.ttf */,
			);
			path = Fonts;
			sourceTree = "<group>";
		};
/* End PBXGroup section */

/* Begin PBXNativeTarget section */
		431160A527E325C100700444 /* Meditation */ = {
			isa = PBXNativeTarget;
			buildConfigurationList = 431160BA27E325C600700444 /* Build configuration list for PBXNativeTarget "Meditation" */;
			buildPhases = (
				431160A227E325C100700444 /* Sources */,
				431160A327E325C100700444 /* Frameworks */,
				431160A427E325C100700444 /* Resources */,
			);
			buildRules = (
			);
			dependencies = (
			);
			name = Meditation;
			packageProductDependencies = (
			);
			productName = Meditation;
			productReference = 431160A627E325C100700444 /* Meditation.app */;
			productType = "com.apple.product-type.application";
		};
/* End PBXNativeTarget section */

/* Begin PBXProject section */
		4311609E27E325C100700444 /* Project object */ = {
			isa = PBXProject;
			attributes = {
				BuildIndependentTargetsInParallel = 1;
				LastSwiftUpdateCheck = 1330;
				LastUpgradeCheck = 1330;
				TargetAttributes = {
					431160A527E325C100700444 = {
						CreatedOnToolsVersion = 13.3;
					};
				};
			};
			buildConfigurationList = 431160A127E325C100700444 /* Build configuration list for PBXProject "Meditation" */;
			compatibilityVersion = "Xcode 12.0";
			developmentRegion = en;
			hasScannedForEncodings = 0;
			knownRegions = (
				en,
				Base,
			);
			mainGroup = 4311609D27E325C100700444;
			packageReferences = (
				3F20986627F436B300AAADC5 /* XCRemoteSwiftPackageReference "alamofire" */,
				3F20986727F436C500AAADC5 /* XCRemoteSwiftPackageReference "SwiftyJSON" */,
			);
			productRefGroup = 431160A727E325C100700444 /* Products */;
			projectDirPath = "";
			projectRoot = "";
			targets = (
				431160A527E325C100700444 /* Meditation */,
			);
		};
/* End PBXProject section */

/* Begin PBXResourcesBuildPhase section */
		431160A427E325C100700444 /* Resources */ = {
			isa = PBXResourcesBuildPhase;
			buildActionMask = 2147483647;
			files = (
				431160B627E325C600700444 /* LaunchScreen.storyboard in Resources */,
				431160D527E3270C00700444 /* Alegreya-BlackItalic.ttf in Resources */,
				431160D427E3270C00700444 /* Alegreya-MediumItalic.ttf in Resources */,
				431160D627E3270C00700444 /* Alegreya-Medium.ttf in Resources */,
				431160D027E3270C00700444 /* Alegreya-BoldItalic.ttf in Resources */,
				431160D227E3270C00700444 /* Alegreya-Black.ttf in Resources */,
				431160D327E3270C00700444 /* Alegreya-Italic.ttf in Resources */,
				431160B327E325C600700444 /* Assets.xcassets in Resources */,
				431160D727E3270C00700444 /* Alegreya-Regular.ttf in Resources */,
				431160CF27E3270C00700444 /* Alegreya-Bold.ttf in Resources */,
				431160CE27E3270C00700444 /* Alegreya-ExtraBoldItalic.ttf in Resources */,
				431160B127E325C100700444 /* Main.storyboard in Resources */,
				431160D127E3270C00700444 /* Alegreya-ExtraBold.ttf in Resources */,
			);
			runOnlyForDeploymentPostprocessing = 0;
		};
/* End PBXResourcesBuildPhase section */

/* Begin PBXSourcesBuildPhase section */
		431160A227E325C100700444 /* Sources */ = {
			isa = PBXSourcesBuildPhase;
			buildActionMask = 2147483647;
			files = (
				431160AE27E325C100700444 /* SingInViewController.swift in Sources */,
				431160AA27E325C100700444 /* AppDelegate.swift in Sources */,
				431160AC27E325C100700444 /* SceneDelegate.swift in Sources */,
				436C505A27E45AFE00433B90 /* MainViewController.swift in Sources */,
			);
			runOnlyForDeploymentPostprocessing = 0;
		};
/* End PBXSourcesBuildPhase section */

/* Begin PBXVariantGroup section */
		431160AF27E325C100700444 /* Main.storyboard */ = {
			isa = PBXVariantGroup;
			children = (
				431160B027E325C100700444 /* Base */,
			);
			name = Main.storyboard;
			sourceTree = "<group>";
		};
		431160B427E325C600700444 /* LaunchScreen.storyboard */ = {
			isa = PBXVariantGroup;
			children = (
				431160B527E325C600700444 /* Base */,
			);
			name = LaunchScreen.storyboard;
			sourceTree = "<group>";
		};
/* End PBXVariantGroup section */

/* Begin XCBuildConfiguration section */
		431160B827E325C600700444 /* Debug */ = {
			isa = XCBuildConfiguration;
			buildSettings = {
				ALWAYS_SEARCH_USER_PATHS = NO;
				CLANG_ANALYZER_NONNULL = YES;
				CLANG_ANALYZER_NUMBER_OBJECT_CONVERSION = YES_AGGRESSIVE;
				CLANG_CXX_LANGUAGE_STANDARD = "gnu++17";
				CLANG_ENABLE_MODULES = YES;
				CLANG_ENABLE_OBJC_ARC = YES;
				CLANG_ENABLE_OBJC_WEAK = YES;
				CLANG_WARN_BLOCK_CAPTURE_AUTORELEASING = YES;
				CLANG_WARN_BOOL_CONVERSION = YES;
				CLANG_WARN_COMMA = YES;
				CLANG_WARN_CONSTANT_CONVERSION = YES;
				CLANG_WARN_DEPRECATED_OBJC_IMPLEMENTATIONS = YES;
				CLANG_WARN_DIRECT_OBJC_ISA_USAGE = YES_ERROR;
				CLANG_WARN_DOCUMENTATION_COMMENTS = YES;
				CLANG_WARN_EMPTY_BODY = YES;
				CLANG_WARN_ENUM_CONVERSION = YES;
				CLANG_WARN_INFINITE_RECURSION = YES;
				CLANG_WARN_INT_CONVERSION = YES;
				CLANG_WARN_NON_LITERAL_NULL_CONVERSION = YES;
				CLANG_WARN_OBJC_IMPLICIT_RETAIN_SELF = YES;
				CLANG_WARN_OBJC_LITERAL_CONVERSION = YES;
				CLANG_WARN_OBJC_ROOT_CLASS = YES_ERROR;
				CLANG_WARN_QUOTED_INCLUDE_IN_FRAMEWORK_HEADER = YES;
				CLANG_WARN_RANGE_LOOP_ANALYSIS = YES;
				CLANG_WARN_STRICT_PROTOTYPES = YES;
				CLANG_WARN_SUSPICIOUS_MOVE = YES;
				CLANG_WARN_UNGUARDED_AVAILABILITY = YES_AGGRESSIVE;
				CLANG_WARN_UNREACHABLE_CODE = YES;
				CLANG_WARN__DUPLICATE_METHOD_MATCH = YES;
				COPY_PHASE_STRIP = NO;
				DEBUG_INFORMATION_FORMAT = dwarf;
				ENABLE_STRICT_OBJC_MSGSEND = YES;
				ENABLE_TESTABILITY = YES;
				GCC_C_LANGUAGE_STANDARD = gnu11;
				GCC_DYNAMIC_NO_PIC = NO;
				GCC_NO_COMMON_BLOCKS = YES;
				GCC_OPTIMIZATION_LEVEL = 0;
				GCC_PREPROCESSOR_DEFINITIONS = (
					"DEBUG=1",
					"$(inherited)",
				);
				GCC_WARN_64_TO_32_BIT_CONVERSION = YES;
				GCC_WARN_ABOUT_RETURN_TYPE = YES_ERROR;
				GCC_WARN_UNDECLARED_SELECTOR = YES;
				GCC_WARN_UNINITIALIZED_AUTOS = YES_AGGRESSIVE;
				GCC_WARN_UNUSED_FUNCTION = YES;
				GCC_WARN_UNUSED_VARIABLE = YES;
				IPHONEOS_DEPLOYMENT_TARGET = 13.0;
				MTL_ENABLE_DEBUG_INFO = INCLUDE_SOURCE;
				MTL_FAST_MATH = YES;
				ONLY_ACTIVE_ARCH = YES;
				SDKROOT = iphoneos;
				SWIFT_ACTIVE_COMPILATION_CONDITIONS = DEBUG;
				SWIFT_OPTIMIZATION_LEVEL = "-Onone";
			};
			name = Debug;
		};
		431160B927E325C600700444 /* Release */ = {
			isa = XCBuildConfiguration;
			buildSettings = {
				ALWAYS_SEARCH_USER_PATHS = NO;
				CLANG_ANALYZER_NONNULL = YES;
				CLANG_ANALYZER_NUMBER_OBJECT_CONVERSION = YES_AGGRESSIVE;
				CLANG_CXX_LANGUAGE_STANDARD = "gnu++17";
				CLANG_ENABLE_MODULES = YES;
				CLANG_ENABLE_OBJC_ARC = YES;
				CLANG_ENABLE_OBJC_WEAK = YES;
				CLANG_WARN_BLOCK_CAPTURE_AUTORELEASING = YES;
				CLANG_WARN_BOOL_CONVERSION = YES;
				CLANG_WARN_COMMA = YES;
				CLANG_WARN_CONSTANT_CONVERSION = YES;
				CLANG_WARN_DEPRECATED_OBJC_IMPLEMENTATIONS = YES;
				CLANG_WARN_DIRECT_OBJC_ISA_USAGE = YES_ERROR;
				CLANG_WARN_DOCUMENTATION_COMMENTS = YES;
				CLANG_WARN_EMPTY_BODY = YES;
				CLANG_WARN_ENUM_CONVERSION = YES;
				CLANG_WARN_INFINITE_RECURSION = YES;
				CLANG_WARN_INT_CONVERSION = YES;
				CLANG_WARN_NON_LITERAL_NULL_CONVERSION = YES;
				CLANG_WARN_OBJC_IMPLICIT_RETAIN_SELF = YES;
				CLANG_WARN_OBJC_LITERAL_CONVERSION = YES;
				CLANG_WARN_OBJC_ROOT_CLASS = YES_ERROR;
				CLANG_WARN_QUOTED_INCLUDE_IN_FRAMEWORK_HEADER = YES;
				CLANG_WARN_RANGE_LOOP_ANALYSIS = YES;
				CLANG_WARN_STRICT_PROTOTYPES = YES;
				CLANG_WARN_SUSPICIOUS_MOVE = YES;
				CLANG_WARN_UNGUARDED_AVAILABILITY = YES_AGGRESSIVE;
				CLANG_WARN_UNREACHABLE_CODE = YES;
				CLANG_WARN__DUPLICATE_METHOD_MATCH = YES;
				COPY_PHASE_STRIP = NO;
				DEBUG_INFORMATION_FORMAT = "dwarf-with-dsym";
				ENABLE_NS_ASSERTIONS = NO;
				ENABLE_STRICT_OBJC_MSGSEND = YES;
				GCC_C_LANGUAGE_STANDARD = gnu11;
				GCC_NO_COMMON_BLOCKS = YES;
				GCC_WARN_64_TO_32_BIT_CONVERSION = YES;
				GCC_WARN_ABOUT_RETURN_TYPE = YES_ERROR;
				GCC_WARN_UNDECLARED_SELECTOR = YES;
				GCC_WARN_UNINITIALIZED_AUTOS = YES_AGGRESSIVE;
				GCC_WARN_UNUSED_FUNCTION = YES;
				GCC_WARN_UNUSED_VARIABLE = YES;
				IPHONEOS_DEPLOYMENT_TARGET = 13.0;
				MTL_ENABLE_DEBUG_INFO = NO;
				MTL_FAST_MATH = YES;
				SDKROOT = iphoneos;
				SWIFT_COMPILATION_MODE = wholemodule;
				SWIFT_OPTIMIZATION_LEVEL = "-O";
				VALIDATE_PRODUCT = YES;
			};
			name = Release;
		};
		431160BB27E325C600700444 /* Debug */ = {
			isa = XCBuildConfiguration;
			buildSettings = {
				ASSETCATALOG_COMPILER_APPICON_NAME = AppIcon;
				ASSETCATALOG_COMPILER_GLOBAL_ACCENT_COLOR_NAME = AccentColor;
				CODE_SIGN_STYLE = Automatic;
				CURRENT_PROJECT_VERSION = 1;
				DEVELOPMENT_TEAM = YN96J64GT3;
				GENERATE_INFOPLIST_FILE = YES;
				INFOPLIST_FILE = Meditation/Info.plist;
				INFOPLIST_KEY_UIApplicationSupportsIndirectInputEvents = YES;
				INFOPLIST_KEY_UILaunchStoryboardName = LaunchScreen;
				INFOPLIST_KEY_UIMainStoryboardFile = Main;
				INFOPLIST_KEY_UISupportedInterfaceOrientations = UIInterfaceOrientationPortrait;
				INFOPLIST_KEY_UISupportedInterfaceOrientations_iPad = "UIInterfaceOrientationPortrait UIInterfaceOrientationPortraitUpsideDown UIInterfaceOrientationLandscapeLeft UIInterfaceOrientationLandscapeRight";
				INFOPLIST_KEY_UISupportedInterfaceOrientations_iPhone = "UIInterfaceOrientationPortrait UIInterfaceOrientationLandscapeLeft UIInterfaceOrientationLandscapeRight";
				LD_RUNPATH_SEARCH_PATHS = (
					"$(inherited)",
					"@executable_path/Frameworks",
				);
				MARKETING_VERSION = 1.0;
				PRODUCT_BUNDLE_IDENTIFIER = com.dariafediashova.Meditation;
				PRODUCT_NAME = "$(TARGET_NAME)";
				SWIFT_EMIT_LOC_STRINGS = YES;
				SWIFT_VERSION = 5.0;
				TARGETED_DEVICE_FAMILY = 1;
			};
			name = Debug;
		};
		431160BC27E325C600700444 /* Release */ = {
			isa = XCBuildConfiguration;
			buildSettings = {
				ASSETCATALOG_COMPILER_APPICON_NAME = AppIcon;
				ASSETCATALOG_COMPILER_GLOBAL_ACCENT_COLOR_NAME = AccentColor;
				CODE_SIGN_STYLE = Automatic;
				CURRENT_PROJECT_VERSION = 1;
				DEVELOPMENT_TEAM = YN96J64GT3;
				GENERATE_INFOPLIST_FILE = YES;
				INFOPLIST_FILE = Meditation/Info.plist;
				INFOPLIST_KEY_UIApplicationSupportsIndirectInputEvents = YES;
				INFOPLIST_KEY_UILaunchStoryboardName = LaunchScreen;
				INFOPLIST_KEY_UIMainStoryboardFile = Main;
				INFOPLIST_KEY_UISupportedInterfaceOrientations = UIInterfaceOrientationPortrait;
				INFOPLIST_KEY_UISupportedInterfaceOrientations_iPad = "UIInterfaceOrientationPortrait UIInterfaceOrientationPortraitUpsideDown UIInterfaceOrientationLandscapeLeft UIInterfaceOrientationLandscapeRight";
				INFOPLIST_KEY_UISupportedInterfaceOrientations_iPhone = "UIInterfaceOrientationPortrait UIInterfaceOrientationLandscapeLeft UIInterfaceOrientationLandscapeRight";
				LD_RUNPATH_SEARCH_PATHS = (
					"$(inherited)",
					"@executable_path/Frameworks",
				);
				MARKETING_VERSION = 1.0;
				PRODUCT_BUNDLE_IDENTIFIER = com.dariafediashova.Meditation;
				PRODUCT_NAME = "$(TARGET_NAME)";
				SWIFT_EMIT_LOC_STRINGS = YES;
				SWIFT_VERSION = 5.0;
				TARGETED_DEVICE_FAMILY = 1;
			};
			name = Release;
		};
/* End XCBuildConfiguration section */

/* Begin XCConfigurationList section */
		431160A127E325C100700444 /* Build configuration list for PBXProject "Meditation" */ = {
			isa = XCConfigurationList;
			buildConfigurations = (
				431160B827E325C600700444 /* Debug */,
				431160B927E325C600700444 /* Release */,
			);
			defaultConfigurationIsVisible = 0;
			defaultConfigurationName = Release;
		};
		431160BA27E325C600700444 /* Build configuration list for PBXNativeTarget "Meditation" */ = {
			isa = XCConfigurationList;
			buildConfigurations = (
				431160BB27E325C600700444 /* Debug */,
				431160BC27E325C600700444 /* Release */,
			);
			defaultConfigurationIsVisible = 0;
			defaultConfigurationName = Release;
		};
/* End XCConfigurationList section */

/* Begin XCRemoteSwiftPackageReference section */
		3F20986627F436B300AAADC5 /* XCRemoteSwiftPackageReference "alamofire" */ = {
			isa = XCRemoteSwiftPackageReference;
			repositoryURL = "http://github.com/alamofire/alamofire";
			requirement = {
				kind = upToNextMinorVersion;
				minimumVersion = 5.5.0;
			};
		};
		3F20986727F436C500AAADC5 /* XCRemoteSwiftPackageReference "SwiftyJSON" */ = {
			isa = XCRemoteSwiftPackageReference;
			repositoryURL = "https://github.com/SwiftyJSON/SwiftyJSON";
			requirement = {
				kind = upToNextMinorVersion;
				minimumVersion = 5.1.0;
			};
		};
/* End XCRemoteSwiftPackageReference section */
	};
	rootObject = 4311609E27E325C100700444 /* Project object */;
}
